
Microsoft Visual Studio Solution File, Format Version 12.00
# Visual Studio Version 16
VisualStudioVersion = 16.0.29926.136
MinimumVisualStudioVersion = 10.0.40219.1
Project("{9A19103F-16F7-4668-BE54-9A1E7A4F7556}") = "ALotOfStuff", "ALotOfStuff\ALotOfStuff.csproj", "{5E3CC91B-D619-44D6-AF8E-4DFE5DA4DAAD}"
EndProject
Global
	GlobalSection(SolutionConfigurationPlatforms) = preSolution
		Debug|Any CPU = Debug|Any CPU
		Release|Any CPU = Release|Any CPU
	EndGlobalSection
	GlobalSection(ProjectConfigurationPlatforms) = postSolution
		{5E3CC91B-D619-44D6-AF8E-4DFE5DA4DAAD}.Debug|Any CPU.ActiveCfg = Debug|Any CPU
		{5E3CC91B-D619-44D6-AF8E-4DFE5DA4DAAD}.Debug|Any CPU.Build.0 = Debug|Any CPU
		{5E3CC91B-D619-44D6-AF8E-4DFE5DA4DAAD}.Release|Any CPU.ActiveCfg = Release|Any CPU
		{5E3CC91B-D619-44D6-AF8E-4DFE5DA4DAAD}.Release|Any CPU.Build.0 = Release|Any CPU
	EndGlobalSection
	GlobalSection(SolutionProperties) = preSolution
		HideSolutionNode = FALSE
	EndGlobalSection
	GlobalSection(ExtensibilityGlobals) = postSolution
		SolutionGuid = {4C250C87-F4EB-42D6-82E3-80CD4A4C9197}
	EndGlobalSection
EndGlobal
